<?xml version="1.0" encoding="utf-8"?>
<Project ToolsVersion="4.0" xmlns="http://schemas.microsoft.com/developer/msbuild/2003">
  <ItemGroup>
    <ClCompile Include="Debugger.cpp" />
    <ClCompile Include="main.cpp" />
    <ClCompile Include="B2Manager.cpp" />
    <ClCompile Include="Weapon.cpp">
      <Filter>Gameplay\Weapons</Filter>
    </ClCompile>
    <ClCompile Include="Sledge.cpp">
      <Filter>Gameplay\Weapons</Filter>
    </ClCompile>
    <ClCompile Include="Sword.cpp">
      <Filter>Gameplay\Weapons</Filter>
    </ClCompile>
    <ClCompile Include="ConnectionManager.cpp" />
    <ClCompile Include="Player.cpp">
      <Filter>Gameplay</Filter>
    </ClCompile>
    <ClCompile Include="PlayerManager.cpp">
      <Filter>Gameplay</Filter>
    </ClCompile>
    <ClCompile Include="Avatar.cpp">
      <Filter>Gameplay</Filter>
    </ClCompile>
    <ClCompile Include="LevelManager.cpp">
      <Filter>Gameplay\Level</Filter>
    </ClCompile>
    <ClCompile Include="LevelBlock.cpp">
      <Filter>Gameplay\Level</Filter>
    </ClCompile>
    <ClCompile Include="Asset.cpp">
      <Filter>Gameplay</Filter>
    </ClCompile>
  </ItemGroup>
  <ItemGroup>
    <ClInclude Include="Debugger.h" />
    <ClInclude Include="B2Manager.h" />
    <ClInclude Include="Weapon.h">
      <Filter>Gameplay\Weapons</Filter>
    </ClInclude>
    <ClInclude Include="Sledge.h">
      <Filter>Gameplay\Weapons</Filter>
    </ClInclude>
    <ClInclude Include="WeaponTypes.h">
      <Filter>Gameplay\Weapons</Filter>
    </ClInclude>
    <ClInclude Include="Sword.h">
      <Filter>Gameplay\Weapons</Filter>
    </ClInclude>
    <ClInclude Include="ConnectionManager.h" />
    <ClInclude Include="Player.h">
      <Filter>Gameplay</Filter>
    </ClInclude>
    <ClInclude Include="PlayerManager.h">
      <Filter>Gameplay</Filter>
    </ClInclude>
    <ClInclude Include="Avatar.h">
      <Filter>Gameplay</Filter>
    </ClInclude>
    <ClInclude Include="LevelManager.h">
      <Filter>Gameplay\Level</Filter>
    </ClInclude>
    <ClInclude Include="LevelBlock.h">
      <Filter>Gameplay\Level</Filter>
    </ClInclude>
    <ClInclude Include="Asset.h">
      <Filter>Gameplay</Filter>
    </ClInclude>
    <ClInclude Include="B2Filters.h" />
  </ItemGroup>
  <ItemGroup>
    <Filter Include="Gameplay">
      <UniqueIdentifier>{074c9bba-c8d9-4d38-921f-027243fe651f}</UniqueIdentifier>
    </Filter>
    <Filter Include="Gameplay\Weapons">
      <UniqueIdentifier>{f854c837-8b46-4203-bac4-5234edc39c21}</UniqueIdentifier>
    </Filter>
    <Filter Include="Gameplay\Level">
      <UniqueIdentifier>{b20e8e9b-12d8-41d3-91bf-2ac3e3d9bc57}</UniqueIdentifier>
    </Filter>
  </ItemGroup>
</Project>