<?xml version="1.0" encoding="utf-8"?>
<Project ToolsVersion="4.0" xmlns="http://schemas.microsoft.com/developer/msbuild/2003">
  <ItemGroup>
    <ClCompile Include="Debugger.cpp" />
    <ClCompile Include="main.cpp" />
    <ClCompile Include="B2Manager.cpp" />
    <ClCompile Include="Avatar.cpp" />
    <ClCompile Include="Weapon.cpp">
      <Filter>Weapons</Filter>
    </ClCompile>
    <ClCompile Include="Sledge.cpp">
      <Filter>Weapons</Filter>
    </ClCompile>
    <ClCompile Include="Sword.cpp">
      <Filter>Weapons</Filter>
    </ClCompile>
    <ClCompile Include="LevelLoader.cpp" />
  </ItemGroup>
  <ItemGroup>
    <ClInclude Include="Debugger.h" />
    <ClInclude Include="B2Manager.h" />
    <ClInclude Include="Avatar.h" />
    <ClInclude Include="Weapon.h">
      <Filter>Weapons</Filter>
    </ClInclude>
    <ClInclude Include="Sledge.h">
      <Filter>Weapons</Filter>
    </ClInclude>
    <ClInclude Include="WeaponTypes.h">
      <Filter>Weapons</Filter>
    </ClInclude>
    <ClInclude Include="Sword.h">
      <Filter>Weapons</Filter>
    </ClInclude>
    <ClInclude Include="LevelLoader.h" />
  </ItemGroup>
  <ItemGroup>
    <Filter Include="Weapons">
      <UniqueIdentifier>{f854c837-8b46-4203-bac4-5234edc39c21}</UniqueIdentifier>
    </Filter>
  </ItemGroup>
</Project>